
Microsoft Visual Studio Solution File, Format Version 12.00
# Visual Studio Version 16
VisualStudioVersion = 16.0.32126.315
MinimumVisualStudioVersion = 10.0.40219.1
Project("{9A19103F-16F7-4668-BE54-9A1E7A4F7556}") = "Sudoku", "Sudoku\Sudoku.csproj", "{4AB6D976-E012-4066-8C61-3ABF1976D3E8}"
EndProject
Project("{FAE04EC0-301F-11D3-BF4B-00C04F79EFBC}") = "SudokuTests", "SudokuTests\SudokuTests.csproj", "{F00D73FB-6407-4DC0-A011-F977D503351E}"
EndProject
Global
	GlobalSection(SolutionConfigurationPlatforms) = preSolution
		Debug|Any CPU = Debug|Any CPU
		Release|Any CPU = Release|Any CPU
	EndGlobalSection
	GlobalSection(ProjectConfigurationPlatforms) = postSolution
		{4AB6D976-E012-4066-8C61-3ABF1976D3E8}.Debug|Any CPU.ActiveCfg = Debug|Any CPU
		{4AB6D976-E012-4066-8C61-3ABF1976D3E8}.Debug|Any CPU.Build.0 = Debug|Any CPU
		{4AB6D976-E012-4066-8C61-3ABF1976D3E8}.Release|Any CPU.ActiveCfg = Release|Any CPU
		{4AB6D976-E012-4066-8C61-3ABF1976D3E8}.Release|Any CPU.Build.0 = Release|Any CPU
		{F00D73FB-6407-4DC0-A011-F977D503351E}.Debug|Any CPU.ActiveCfg = Debug|Any CPU
		{F00D73FB-6407-4DC0-A011-F977D503351E}.Debug|Any CPU.Build.0 = Debug|Any CPU
		{F00D73FB-6407-4DC0-A011-F977D503351E}.Release|Any CPU.ActiveCfg = Release|Any CPU
		{F00D73FB-6407-4DC0-A011-F977D503351E}.Release|Any CPU.Build.0 = Release|Any CPU
	EndGlobalSection
	GlobalSection(SolutionProperties) = preSolution
		HideSolutionNode = FALSE
	EndGlobalSection
	GlobalSection(ExtensibilityGlobals) = postSolution
		SolutionGuid = {6AE7DEB1-DE2E-4E56-8F72-9D51CA66B61C}
	EndGlobalSection
EndGlobal
